
Microsoft Visual Studio Solution File, Format Version 12.00
# Visual Studio Version 16
VisualStudioVersion = 16.0.29215.179
MinimumVisualStudioVersion = 10.0.40219.1
Project("{FAE04EC0-301F-11D3-BF4B-00C04F79EFBC}") = "Problem_9", "Problem_9\Problem_9.csproj", "{E92DA4FB-0A7F-4C69-99B5-31BAC2D2A430}"
EndProject
Global
	GlobalSection(SolutionConfigurationPlatforms) = preSolution
		Debug|Any CPU = Debug|Any CPU
		Release|Any CPU = Release|Any CPU
	EndGlobalSection
	GlobalSection(ProjectConfigurationPlatforms) = postSolution
		{E92DA4FB-0A7F-4C69-99B5-31BAC2D2A430}.Debug|Any CPU.ActiveCfg = Debug|Any CPU
		{E92DA4FB-0A7F-4C69-99B5-31BAC2D2A430}.Debug|Any CPU.Build.0 = Debug|Any CPU
		{E92DA4FB-0A7F-4C69-99B5-31BAC2D2A430}.Release|Any CPU.ActiveCfg = Release|Any CPU
		{E92DA4FB-0A7F-4C69-99B5-31BAC2D2A430}.Release|Any CPU.Build.0 = Release|Any CPU
	EndGlobalSection
	GlobalSection(SolutionProperties) = preSolution
		HideSolutionNode = FALSE
	EndGlobalSection
	GlobalSection(ExtensibilityGlobals) = postSolution
		SolutionGuid = {38B2E866-FB70-4ED0-88C7-5A80962DE4F5}
	EndGlobalSection
EndGlobal
