
Microsoft Visual Studio Solution File, Format Version 12.00
# Visual Studio Version 16
VisualStudioVersion = 16.0.29519.87
MinimumVisualStudioVersion = 10.0.40219.1
Project("{FAE04EC0-301F-11D3-BF4B-00C04F79EFBC}") = "Problem_7", "Problem_7\Problem_7.csproj", "{FA2C24D8-A195-4056-89D3-45FB2F5F1F37}"
EndProject
Global
	GlobalSection(SolutionConfigurationPlatforms) = preSolution
		Debug|Any CPU = Debug|Any CPU
		Release|Any CPU = Release|Any CPU
	EndGlobalSection
	GlobalSection(ProjectConfigurationPlatforms) = postSolution
		{FA2C24D8-A195-4056-89D3-45FB2F5F1F37}.Debug|Any CPU.ActiveCfg = Debug|Any CPU
		{FA2C24D8-A195-4056-89D3-45FB2F5F1F37}.Debug|Any CPU.Build.0 = Debug|Any CPU
		{FA2C24D8-A195-4056-89D3-45FB2F5F1F37}.Release|Any CPU.ActiveCfg = Release|Any CPU
		{FA2C24D8-A195-4056-89D3-45FB2F5F1F37}.Release|Any CPU.Build.0 = Release|Any CPU
	EndGlobalSection
	GlobalSection(SolutionProperties) = preSolution
		HideSolutionNode = FALSE
	EndGlobalSection
	GlobalSection(ExtensibilityGlobals) = postSolution
		SolutionGuid = {F888089F-47E7-4E0B-A3B8-2308B2CF71BE}
	EndGlobalSection
EndGlobal
