
Microsoft Visual Studio Solution File, Format Version 12.00
# Visual Studio Version 16
VisualStudioVersion = 16.0.29519.87
MinimumVisualStudioVersion = 10.0.40219.1
Project("{FAE04EC0-301F-11D3-BF4B-00C04F79EFBC}") = "Problem_7", "Problem_7\Problem_7.csproj", "{6414BA46-D57C-4642-92E8-AF274C9D5627}"
EndProject
Global
	GlobalSection(SolutionConfigurationPlatforms) = preSolution
		Debug|Any CPU = Debug|Any CPU
		Release|Any CPU = Release|Any CPU
	EndGlobalSection
	GlobalSection(ProjectConfigurationPlatforms) = postSolution
		{6414BA46-D57C-4642-92E8-AF274C9D5627}.Debug|Any CPU.ActiveCfg = Debug|Any CPU
		{6414BA46-D57C-4642-92E8-AF274C9D5627}.Debug|Any CPU.Build.0 = Debug|Any CPU
		{6414BA46-D57C-4642-92E8-AF274C9D5627}.Release|Any CPU.ActiveCfg = Release|Any CPU
		{6414BA46-D57C-4642-92E8-AF274C9D5627}.Release|Any CPU.Build.0 = Release|Any CPU
	EndGlobalSection
	GlobalSection(SolutionProperties) = preSolution
		HideSolutionNode = FALSE
	EndGlobalSection
	GlobalSection(ExtensibilityGlobals) = postSolution
		SolutionGuid = {8A37D4AD-6080-4426-AEB6-3AC9A68C81B8}
	EndGlobalSection
EndGlobal
