
Microsoft Visual Studio Solution File, Format Version 12.00
# Visual Studio Version 16
VisualStudioVersion = 16.0.29411.108
MinimumVisualStudioVersion = 10.0.40219.1
Project("{FAE04EC0-301F-11D3-BF4B-00C04F79EFBC}") = "Problem_3", "Problem_3\Problem_3.csproj", "{FDD1CD30-AD98-4E08-B1EC-1CB006C68888}"
EndProject
Global
	GlobalSection(SolutionConfigurationPlatforms) = preSolution
		Debug|Any CPU = Debug|Any CPU
		Release|Any CPU = Release|Any CPU
	EndGlobalSection
	GlobalSection(ProjectConfigurationPlatforms) = postSolution
		{FDD1CD30-AD98-4E08-B1EC-1CB006C68888}.Debug|Any CPU.ActiveCfg = Debug|Any CPU
		{FDD1CD30-AD98-4E08-B1EC-1CB006C68888}.Debug|Any CPU.Build.0 = Debug|Any CPU
		{FDD1CD30-AD98-4E08-B1EC-1CB006C68888}.Release|Any CPU.ActiveCfg = Release|Any CPU
		{FDD1CD30-AD98-4E08-B1EC-1CB006C68888}.Release|Any CPU.Build.0 = Release|Any CPU
	EndGlobalSection
	GlobalSection(SolutionProperties) = preSolution
		HideSolutionNode = FALSE
	EndGlobalSection
	GlobalSection(ExtensibilityGlobals) = postSolution
		SolutionGuid = {28D54E55-6ADA-4381-A846-2D527660C149}
	EndGlobalSection
EndGlobal
