
Microsoft Visual Studio Solution File, Format Version 12.00
# Visual Studio Version 16
VisualStudioVersion = 16.0.29519.87
MinimumVisualStudioVersion = 10.0.40219.1
Project("{FAE04EC0-301F-11D3-BF4B-00C04F79EFBC}") = "Problem_1", "Problem_1\Problem_1.csproj", "{4FC507FF-47F1-4FCC-801F-AA1F336EB3D9}"
EndProject
Global
	GlobalSection(SolutionConfigurationPlatforms) = preSolution
		Debug|Any CPU = Debug|Any CPU
		Release|Any CPU = Release|Any CPU
	EndGlobalSection
	GlobalSection(ProjectConfigurationPlatforms) = postSolution
		{4FC507FF-47F1-4FCC-801F-AA1F336EB3D9}.Debug|Any CPU.ActiveCfg = Debug|Any CPU
		{4FC507FF-47F1-4FCC-801F-AA1F336EB3D9}.Debug|Any CPU.Build.0 = Debug|Any CPU
		{4FC507FF-47F1-4FCC-801F-AA1F336EB3D9}.Release|Any CPU.ActiveCfg = Release|Any CPU
		{4FC507FF-47F1-4FCC-801F-AA1F336EB3D9}.Release|Any CPU.Build.0 = Release|Any CPU
	EndGlobalSection
	GlobalSection(SolutionProperties) = preSolution
		HideSolutionNode = FALSE
	EndGlobalSection
	GlobalSection(ExtensibilityGlobals) = postSolution
		SolutionGuid = {14532077-707A-4830-9404-D66384153CC4}
	EndGlobalSection
EndGlobal
