
Microsoft Visual Studio Solution File, Format Version 12.00
# Visual Studio Version 16
VisualStudioVersion = 16.0.29411.108
MinimumVisualStudioVersion = 10.0.40219.1
Project("{FAE04EC0-301F-11D3-BF4B-00C04F79EFBC}") = "Problem_1", "Problem_1\Problem_1.csproj", "{62F54FF5-D038-4B40-AC6D-6B1A6B381B77}"
EndProject
Global
	GlobalSection(SolutionConfigurationPlatforms) = preSolution
		Debug|Any CPU = Debug|Any CPU
		Release|Any CPU = Release|Any CPU
	EndGlobalSection
	GlobalSection(ProjectConfigurationPlatforms) = postSolution
		{62F54FF5-D038-4B40-AC6D-6B1A6B381B77}.Debug|Any CPU.ActiveCfg = Debug|Any CPU
		{62F54FF5-D038-4B40-AC6D-6B1A6B381B77}.Debug|Any CPU.Build.0 = Debug|Any CPU
		{62F54FF5-D038-4B40-AC6D-6B1A6B381B77}.Release|Any CPU.ActiveCfg = Release|Any CPU
		{62F54FF5-D038-4B40-AC6D-6B1A6B381B77}.Release|Any CPU.Build.0 = Release|Any CPU
	EndGlobalSection
	GlobalSection(SolutionProperties) = preSolution
		HideSolutionNode = FALSE
	EndGlobalSection
	GlobalSection(ExtensibilityGlobals) = postSolution
		SolutionGuid = {DA1251D7-7653-45BB-B4CE-D537AC393ACE}
	EndGlobalSection
EndGlobal
