
Microsoft Visual Studio Solution File, Format Version 12.00
# Visual Studio Version 16
VisualStudioVersion = 16.0.29215.179
MinimumVisualStudioVersion = 10.0.40219.1
Project("{FAE04EC0-301F-11D3-BF4B-00C04F79EFBC}") = "Problem 2", "Problem 2\Problem 2.csproj", "{60468F43-B28D-4E63-B7C8-B82CE7A3FB16}"
EndProject
Global
	GlobalSection(SolutionConfigurationPlatforms) = preSolution
		Debug|Any CPU = Debug|Any CPU
		Release|Any CPU = Release|Any CPU
	EndGlobalSection
	GlobalSection(ProjectConfigurationPlatforms) = postSolution
		{60468F43-B28D-4E63-B7C8-B82CE7A3FB16}.Debug|Any CPU.ActiveCfg = Debug|Any CPU
		{60468F43-B28D-4E63-B7C8-B82CE7A3FB16}.Debug|Any CPU.Build.0 = Debug|Any CPU
		{60468F43-B28D-4E63-B7C8-B82CE7A3FB16}.Release|Any CPU.ActiveCfg = Release|Any CPU
		{60468F43-B28D-4E63-B7C8-B82CE7A3FB16}.Release|Any CPU.Build.0 = Release|Any CPU
	EndGlobalSection
	GlobalSection(SolutionProperties) = preSolution
		HideSolutionNode = FALSE
	EndGlobalSection
	GlobalSection(ExtensibilityGlobals) = postSolution
		SolutionGuid = {B6B87912-D1EB-4A14-87A3-3BBF8E616B32}
	EndGlobalSection
EndGlobal
