
Microsoft Visual Studio Solution File, Format Version 12.00
# Visual Studio Version 16
VisualStudioVersion = 16.0.29215.179
MinimumVisualStudioVersion = 10.0.40219.1
Project("{FAE04EC0-301F-11D3-BF4B-00C04F79EFBC}") = "Problem_3", "Problem_3\Problem_3.csproj", "{0C5B409B-2774-4EC8-80CB-EC816E5F2DBB}"
EndProject
Global
	GlobalSection(SolutionConfigurationPlatforms) = preSolution
		Debug|Any CPU = Debug|Any CPU
		Release|Any CPU = Release|Any CPU
	EndGlobalSection
	GlobalSection(ProjectConfigurationPlatforms) = postSolution
		{0C5B409B-2774-4EC8-80CB-EC816E5F2DBB}.Debug|Any CPU.ActiveCfg = Debug|Any CPU
		{0C5B409B-2774-4EC8-80CB-EC816E5F2DBB}.Debug|Any CPU.Build.0 = Debug|Any CPU
		{0C5B409B-2774-4EC8-80CB-EC816E5F2DBB}.Release|Any CPU.ActiveCfg = Release|Any CPU
		{0C5B409B-2774-4EC8-80CB-EC816E5F2DBB}.Release|Any CPU.Build.0 = Release|Any CPU
	EndGlobalSection
	GlobalSection(SolutionProperties) = preSolution
		HideSolutionNode = FALSE
	EndGlobalSection
	GlobalSection(ExtensibilityGlobals) = postSolution
		SolutionGuid = {0BE7CC3D-F4BD-490B-833A-4ADAAB3F4F35}
	EndGlobalSection
EndGlobal
