
Microsoft Visual Studio Solution File, Format Version 12.00
# Visual Studio Version 16
VisualStudioVersion = 16.0.29411.108
MinimumVisualStudioVersion = 10.0.40219.1
Project("{FAE04EC0-301F-11D3-BF4B-00C04F79EFBC}") = "Problem_7", "Problem_7\Problem_7.csproj", "{164A71D8-FF2F-4187-8EF1-E4E7451129E5}"
EndProject
Global
	GlobalSection(SolutionConfigurationPlatforms) = preSolution
		Debug|Any CPU = Debug|Any CPU
		Release|Any CPU = Release|Any CPU
	EndGlobalSection
	GlobalSection(ProjectConfigurationPlatforms) = postSolution
		{164A71D8-FF2F-4187-8EF1-E4E7451129E5}.Debug|Any CPU.ActiveCfg = Debug|Any CPU
		{164A71D8-FF2F-4187-8EF1-E4E7451129E5}.Debug|Any CPU.Build.0 = Debug|Any CPU
		{164A71D8-FF2F-4187-8EF1-E4E7451129E5}.Release|Any CPU.ActiveCfg = Release|Any CPU
		{164A71D8-FF2F-4187-8EF1-E4E7451129E5}.Release|Any CPU.Build.0 = Release|Any CPU
	EndGlobalSection
	GlobalSection(SolutionProperties) = preSolution
		HideSolutionNode = FALSE
	EndGlobalSection
	GlobalSection(ExtensibilityGlobals) = postSolution
		SolutionGuid = {E124A31E-8E14-48BE-B78D-F6F1BD155897}
	EndGlobalSection
EndGlobal
