
Microsoft Visual Studio Solution File, Format Version 12.00
# Visual Studio Version 16
VisualStudioVersion = 16.0.29215.179
MinimumVisualStudioVersion = 10.0.40219.1
Project("{FAE04EC0-301F-11D3-BF4B-00C04F79EFBC}") = "Problem_6", "Problem_6\Problem_6.csproj", "{C6ED9471-ECE3-48F0-97AE-42468A0B1199}"
EndProject
Global
	GlobalSection(SolutionConfigurationPlatforms) = preSolution
		Debug|Any CPU = Debug|Any CPU
		Release|Any CPU = Release|Any CPU
	EndGlobalSection
	GlobalSection(ProjectConfigurationPlatforms) = postSolution
		{C6ED9471-ECE3-48F0-97AE-42468A0B1199}.Debug|Any CPU.ActiveCfg = Debug|Any CPU
		{C6ED9471-ECE3-48F0-97AE-42468A0B1199}.Debug|Any CPU.Build.0 = Debug|Any CPU
		{C6ED9471-ECE3-48F0-97AE-42468A0B1199}.Release|Any CPU.ActiveCfg = Release|Any CPU
		{C6ED9471-ECE3-48F0-97AE-42468A0B1199}.Release|Any CPU.Build.0 = Release|Any CPU
	EndGlobalSection
	GlobalSection(SolutionProperties) = preSolution
		HideSolutionNode = FALSE
	EndGlobalSection
	GlobalSection(ExtensibilityGlobals) = postSolution
		SolutionGuid = {37BF2914-19B9-4334-B9E4-1A2645EDF0EE}
	EndGlobalSection
EndGlobal
