
Microsoft Visual Studio Solution File, Format Version 12.00
# Visual Studio Version 16
VisualStudioVersion = 16.0.29215.179
MinimumVisualStudioVersion = 10.0.40219.1
Project("{FAE04EC0-301F-11D3-BF4B-00C04F79EFBC}") = "Problem 1", "Problem 1\Problem 1.csproj", "{66896162-767E-4C9A-AE67-576654CA4901}"
EndProject
Global
	GlobalSection(SolutionConfigurationPlatforms) = preSolution
		Debug|Any CPU = Debug|Any CPU
		Release|Any CPU = Release|Any CPU
	EndGlobalSection
	GlobalSection(ProjectConfigurationPlatforms) = postSolution
		{66896162-767E-4C9A-AE67-576654CA4901}.Debug|Any CPU.ActiveCfg = Debug|Any CPU
		{66896162-767E-4C9A-AE67-576654CA4901}.Debug|Any CPU.Build.0 = Debug|Any CPU
		{66896162-767E-4C9A-AE67-576654CA4901}.Release|Any CPU.ActiveCfg = Release|Any CPU
		{66896162-767E-4C9A-AE67-576654CA4901}.Release|Any CPU.Build.0 = Release|Any CPU
	EndGlobalSection
	GlobalSection(SolutionProperties) = preSolution
		HideSolutionNode = FALSE
	EndGlobalSection
	GlobalSection(ExtensibilityGlobals) = postSolution
		SolutionGuid = {5E2F1EBB-456A-4C84-8823-0E6A42B6E698}
	EndGlobalSection
EndGlobal
