
Microsoft Visual Studio Solution File, Format Version 12.00
# Visual Studio Version 16
VisualStudioVersion = 16.0.29411.108
MinimumVisualStudioVersion = 10.0.40219.1
Project("{FAE04EC0-301F-11D3-BF4B-00C04F79EFBC}") = "Problem_5", "Problem_5\Problem_5.csproj", "{C4E9C84E-D6CE-4FD1-B0AE-79E30D8B4AF2}"
EndProject
Global
	GlobalSection(SolutionConfigurationPlatforms) = preSolution
		Debug|Any CPU = Debug|Any CPU
		Release|Any CPU = Release|Any CPU
	EndGlobalSection
	GlobalSection(ProjectConfigurationPlatforms) = postSolution
		{C4E9C84E-D6CE-4FD1-B0AE-79E30D8B4AF2}.Debug|Any CPU.ActiveCfg = Debug|Any CPU
		{C4E9C84E-D6CE-4FD1-B0AE-79E30D8B4AF2}.Debug|Any CPU.Build.0 = Debug|Any CPU
		{C4E9C84E-D6CE-4FD1-B0AE-79E30D8B4AF2}.Release|Any CPU.ActiveCfg = Release|Any CPU
		{C4E9C84E-D6CE-4FD1-B0AE-79E30D8B4AF2}.Release|Any CPU.Build.0 = Release|Any CPU
	EndGlobalSection
	GlobalSection(SolutionProperties) = preSolution
		HideSolutionNode = FALSE
	EndGlobalSection
	GlobalSection(ExtensibilityGlobals) = postSolution
		SolutionGuid = {392F7D7D-CCE9-476A-876C-83651A104374}
	EndGlobalSection
EndGlobal
