
Microsoft Visual Studio Solution File, Format Version 12.00
# Visual Studio Version 16
VisualStudioVersion = 16.0.29519.87
MinimumVisualStudioVersion = 10.0.40219.1
Project("{FAE04EC0-301F-11D3-BF4B-00C04F79EFBC}") = "Problem_6", "Problem_6\Problem_6.csproj", "{819EF0AA-777D-406F-B422-A87ECC8AB6FB}"
EndProject
Global
	GlobalSection(SolutionConfigurationPlatforms) = preSolution
		Debug|Any CPU = Debug|Any CPU
		Release|Any CPU = Release|Any CPU
	EndGlobalSection
	GlobalSection(ProjectConfigurationPlatforms) = postSolution
		{819EF0AA-777D-406F-B422-A87ECC8AB6FB}.Debug|Any CPU.ActiveCfg = Debug|Any CPU
		{819EF0AA-777D-406F-B422-A87ECC8AB6FB}.Debug|Any CPU.Build.0 = Debug|Any CPU
		{819EF0AA-777D-406F-B422-A87ECC8AB6FB}.Release|Any CPU.ActiveCfg = Release|Any CPU
		{819EF0AA-777D-406F-B422-A87ECC8AB6FB}.Release|Any CPU.Build.0 = Release|Any CPU
	EndGlobalSection
	GlobalSection(SolutionProperties) = preSolution
		HideSolutionNode = FALSE
	EndGlobalSection
	GlobalSection(ExtensibilityGlobals) = postSolution
		SolutionGuid = {1B020AEF-DDE3-4E4A-9446-60FA2986D460}
	EndGlobalSection
EndGlobal
