
Microsoft Visual Studio Solution File, Format Version 12.00
# Visual Studio Version 16
VisualStudioVersion = 16.0.29411.108
MinimumVisualStudioVersion = 10.0.40219.1
Project("{FAE04EC0-301F-11D3-BF4B-00C04F79EFBC}") = "Problem_0", "Problem_0\Problem_0.csproj", "{7CFFC6FE-010A-4587-9C94-B1B8434C0BAD}"
EndProject
Global
	GlobalSection(SolutionConfigurationPlatforms) = preSolution
		Debug|Any CPU = Debug|Any CPU
		Release|Any CPU = Release|Any CPU
	EndGlobalSection
	GlobalSection(ProjectConfigurationPlatforms) = postSolution
		{7CFFC6FE-010A-4587-9C94-B1B8434C0BAD}.Debug|Any CPU.ActiveCfg = Debug|Any CPU
		{7CFFC6FE-010A-4587-9C94-B1B8434C0BAD}.Debug|Any CPU.Build.0 = Debug|Any CPU
		{7CFFC6FE-010A-4587-9C94-B1B8434C0BAD}.Release|Any CPU.ActiveCfg = Release|Any CPU
		{7CFFC6FE-010A-4587-9C94-B1B8434C0BAD}.Release|Any CPU.Build.0 = Release|Any CPU
	EndGlobalSection
	GlobalSection(SolutionProperties) = preSolution
		HideSolutionNode = FALSE
	EndGlobalSection
	GlobalSection(ExtensibilityGlobals) = postSolution
		SolutionGuid = {1B3B7910-66ED-4D3F-A1FE-909C98E19D7C}
	EndGlobalSection
EndGlobal
